// !$*UTF8*$!
{
	archiveVersion = 1;
	classes = {
	};
	objectVersion = 46;
	objects = {

/* Begin PBXBuildFile section */
		1BCA6E901EB01DA500F86626 /* AppDelegate.swift in Sources */ = {isa = PBXBuildFile; fileRef = 1BCA6E8F1EB01DA500F86626 /* AppDelegate.swift */; };
		1BCA6E921EB01DA500F86626 /* ViewController.swift in Sources */ = {isa = PBXBuildFile; fileRef = 1BCA6E911EB01DA500F86626 /* ViewController.swift */; };
		1BCA6E951EB01DA500F86626 /* Main.storyboard in Resources */ = {isa = PBXBuildFile; fileRef = 1BCA6E931EB01DA500F86626 /* Main.storyboard */; };
		1BCA6E981EB01DA500F86626 /* TicTacToe.xcdatamodeld in Sources */ = {isa = PBXBuildFile; fileRef = 1BCA6E961EB01DA500F86626 /* TicTacToe.xcdatamodeld */; };
		1BCA6E9A1EB01DA500F86626 /* Assets.xcassets in Resources */ = {isa = PBXBuildFile; fileRef = 1BCA6E991EB01DA500F86626 /* Assets.xcassets */; };
		1BCA6E9D1EB01DA500F86626 /* LaunchScreen.storyboard in Resources */ = {isa = PBXBuildFile; fileRef = 1BCA6E9B1EB01DA500F86626 /* LaunchScreen.storyboard */; };
		1BCA6EA81EB01DA500F86626 /* TicTacToeTests.swift in Sources */ = {isa = PBXBuildFile; fileRef = 1BCA6EA71EB01DA500F86626 /* TicTacToeTests.swift */; };
		1BCA6EB31EB01DA500F86626 /* TicTacToeUITests.swift in Sources */ = {isa = PBXBuildFile; fileRef = 1BCA6EB21EB01DA500F86626 /* TicTacToeUITests.swift */; };
/* End PBXBuildFile section */

/* Begin PBXContainerItemProxy section */
		1BCA6EA41EB01DA500F86626 /* PBXContainerItemProxy */ = {
			isa = PBXContainerItemProxy;
			containerPortal = 1BCA6E841EB01DA400F86626 /* Project object */;
			proxyType = 1;
			remoteGlobalIDString = 1BCA6E8B1EB01DA500F86626;
			remoteInfo = TicTacToe;
		};
		1BCA6EAF1EB01DA500F86626 /* PBXContainerItemProxy */ = {
			isa = PBXContainerItemProxy;
			containerPortal = 1BCA6E841EB01DA400F86626 /* Project object */;
			proxyType = 1;
			remoteGlobalIDString = 1BCA6E8B1EB01DA500F86626;
			remoteInfo = TicTacToe;
		};
/* End PBXContainerItemProxy section */

/* Begin PBXFileReference section */
		1BCA6E8C1EB01DA500F86626 /* TicTacToe.app */ = {isa = PBXFileReference; explicitFileType = wrapper.application; includeInIndex = 0; path = TicTacToe.app; sourceTree = BUILT_PRODUCTS_DIR; };
		1BCA6E8F1EB01DA500F86626 /* AppDelegate.swift */ = {isa = PBXFileReference; lastKnownFileType = sourcecode.swift; path = AppDelegate.swift; sourceTree = "<group>"; };
		1BCA6E911EB01DA500F86626 /* ViewController.swift */ = {isa = PBXFileReference; lastKnownFileType = sourcecode.swift; path = ViewController.swift; sourceTree = "<group>"; };
		1BCA6E941EB01DA500F86626 /* Base */ = {isa = PBXFileReference; lastKnownFileType = file.storyboard; name = Base; path = Base.lproj/Main.storyboard; sourceTree = "<group>"; };
		1BCA6E971EB01DA500F86626 /* TicTacToe.xcdatamodel */ = {isa = PBXFileReference; lastKnownFileType = wrapper.xcdatamodel; path = TicTacToe.xcdatamodel; sourceTree = "<group>"; };
		1BCA6E991EB01DA500F86626 /* Assets.xcassets */ = {isa = PBXFileReference; lastKnownFileType = folder.assetcatalog; path = Assets.xcassets; sourceTree = "<group>"; };
		1BCA6E9C1EB01DA500F86626 /* Base */ = {isa = PBXFileReference; lastKnownFileType = file.storyboard; name = Base; path = Base.lproj/LaunchScreen.storyboard; sourceTree = "<group>"; };
		1BCA6E9E1EB01DA500F86626 /* Info.plist */ = {isa = PBXFileReference; lastKnownFileType = text.plist.xml; path = Info.plist; sourceTree = "<group>"; };
		1BCA6EA31EB01DA500F86626 /* TicTacToeTests.xctest */ = {isa = PBXFileReference; explicitFileType = wrapper.cfbundle; includeInIndex = 0; path = TicTacToeTests.xctest; sourceTree = BUILT_PRODUCTS_DIR; };
		1BCA6EA71EB01DA500F86626 /* TicTacToeTests.swift */ = {isa = PBXFileReference; lastKnownFileType = sourcecode.swift; path = TicTacToeTests.swift; sourceTree = "<group>"; };
		1BCA6EA91EB01DA500F86626 /* Info.plist */ = {isa = PBXFileReference; lastKnownFileType = text.plist.xml; path = Info.plist; sourceTree = "<group>"; };
		1BCA6EAE1EB01DA500F86626 /* TicTacToeUITests.xctest */ = {isa = PBXFileReference; explicitFileType = wrapper.cfbundle; includeInIndex = 0; path = TicTacToeUITests.xctest; sourceTree = BUILT_PRODUCTS_DIR; };
		1BCA6EB21EB01DA500F86626 /* TicTacToeUITests.swift */ = {isa = PBXFileReference; lastKnownFileType = sourcecode.swift; path = TicTacToeUITests.swift; sourceTree = "<group>"; };
		1BCA6EB41EB01DA500F86626 /* Info.plist */ = {isa = PBXFileReference; lastKnownFileType = text.plist.xml; path = Info.plist; sourceTree = "<group>"; };
/* End PBXFileReference section */

/* Begin PBXFrameworksBuildPhase section */
		1BCA6E891EB01DA500F86626 /* Frameworks */ = {
			isa = PBXFrameworksBuildPhase;
			buildActionMask = 2147483647;
			files = (
			);
			runOnlyForDeploymentPostprocessing = 0;
		};
		1BCA6EA01EB01DA500F86626 /* Frameworks */ = {
			isa = PBXFrameworksBuildPhase;
			buildActionMask = 2147483647;
			files = (
			);
			runOnlyForDeploymentPostprocessing = 0;
		};
		1BCA6EAB1EB01DA500F86626 /* Frameworks */ = {
			isa = PBXFrameworksBuildPhase;
			buildActionMask = 2147483647;
			files = (
			);
			runOnlyForDeploymentPostprocessing = 0;
		};
/* End PBXFrameworksBuildPhase section */

/* Begin PBXGroup section */
		1BCA6E831EB01DA400F86626 = {
			isa = PBXGroup;
			children = (
				1BCA6E8E1EB01DA500F86626 /* TicTacToe */,
				1BCA6EA61EB01DA500F86626 /* TicTacToeTests */,
				1BCA6EB11EB01DA500F86626 /* TicTacToeUITests */,
				1BCA6E8D1EB01DA500F86626 /* Products */,
			);
			sourceTree = "<group>";
		};
		1BCA6E8D1EB01DA500F86626 /* Products */ = {
			isa = PBXGroup;
			children = (
				1BCA6E8C1EB01DA500F86626 /* TicTacToe.app */,
				1BCA6EA31EB01DA500F86626 /* TicTacToeTests.xctest */,
				1BCA6EAE1EB01DA500F86626 /* TicTacToeUITests.xctest */,
			);
			name = Products;
			sourceTree = "<group>";
		};
		1BCA6E8E1EB01DA500F86626 /* TicTacToe */ = {
			isa = PBXGroup;
			children = (
				1BCA6E8F1EB01DA500F86626 /* AppDelegate.swift */,
				1BCA6E911EB01DA500F86626 /* ViewController.swift */,
				1BCA6E931EB01DA500F86626 /* Main.storyboard */,
				1BCA6E991EB01DA500F86626 /* Assets.xcassets */,
				1BCA6E9B1EB01DA500F86626 /* LaunchScreen.storyboard */,
				1BCA6E9E1EB01DA500F86626 /* Info.plist */,
				1BCA6E961EB01DA500F86626 /* TicTacToe.xcdatamodeld */,
			);
			path = TicTacToe;
			sourceTree = "<group>";
		};
		1BCA6EA61EB01DA500F86626 /* TicTacToeTests */ = {
			isa = PBXGroup;
			children = (
				1BCA6EA71EB01DA500F86626 /* TicTacToeTests.swift */,
				1BCA6EA91EB01DA500F86626 /* Info.plist */,
			);
			path = TicTacToeTests;
			sourceTree = "<group>";
		};
		1BCA6EB11EB01DA500F86626 /* TicTacToeUITests */ = {
			isa = PBXGroup;
			children = (
				1BCA6EB21EB01DA500F86626 /* TicTacToeUITests.swift */,
				1BCA6EB41EB01DA500F86626 /* Info.plist */,
			);
			path = TicTacToeUITests;
			sourceTree = "<group>";
		};
/* End PBXGroup section */

/* Begin PBXNativeTarget section */
		1BCA6E8B1EB01DA500F86626 /* TicTacToe */ = {
			isa = PBXNativeTarget;
			buildConfigurationList = 1BCA6EB71EB01DA500F86626 /* Build configuration list for PBXNativeTarget "TicTacToe" */;
			buildPhases = (
				1BCA6E881EB01DA500F86626 /* Sources */,
				1BCA6E891EB01DA500F86626 /* Frameworks */,
				1BCA6E8A1EB01DA500F86626 /* Resources */,
			);
			buildRules = (
			);
			dependencies = (
			);
			name = TicTacToe;
			productName = TicTacToe;
			productReference = 1BCA6E8C1EB01DA500F86626 /* TicTacToe.app */;
			productType = "com.apple.product-type.application";
		};
		1BCA6EA21EB01DA500F86626 /* TicTacToeTests */ = {
			isa = PBXNativeTarget;
			buildConfigurationList = 1BCA6EBA1EB01DA500F86626 /* Build configuration list for PBXNativeTarget "TicTacToeTests" */;
			buildPhases = (
				1BCA6E9F1EB01DA500F86626 /* Sources */,
				1BCA6EA01EB01DA500F86626 /* Frameworks */,
				1BCA6EA11EB01DA500F86626 /* Resources */,
			);
			buildRules = (
			);
			dependencies = (
				1BCA6EA51EB01DA500F86626 /* PBXTargetDependency */,
			);
			name = TicTacToeTests;
			productName = TicTacToeTests;
			productReference = 1BCA6EA31EB01DA500F86626 /* TicTacToeTests.xctest */;
			productType = "com.apple.product-type.bundle.unit-test";
		};
		1BCA6EAD1EB01DA500F86626 /* TicTacToeUITests */ = {
			isa = PBXNativeTarget;
			buildConfigurationList = 1BCA6EBD1EB01DA500F86626 /* Build configuration list for PBXNativeTarget "TicTacToeUITests" */;
			buildPhases = (
				1BCA6EAA1EB01DA500F86626 /* Sources */,
				1BCA6EAB1EB01DA500F86626 /* Frameworks */,
				1BCA6EAC1EB01DA500F86626 /* Resources */,
			);
			buildRules = (
			);
			dependencies = (
				1BCA6EB01EB01DA500F86626 /* PBXTargetDependency */,
			);
			name = TicTacToeUITests;
			productName = TicTacToeUITests;
			productReference = 1BCA6EAE1EB01DA500F86626 /* TicTacToeUITests.xctest */;
			productType = "com.apple.product-type.bundle.ui-testing";
		};
/* End PBXNativeTarget section */

/* Begin PBXProject section */
		1BCA6E841EB01DA400F86626 /* Project object */ = {
			isa = PBXProject;
			attributes = {
				LastSwiftUpdateCheck = 0820;
				LastUpgradeCheck = 0820;
				ORGANIZATIONNAME = "Flatiron School";
				TargetAttributes = {
					1BCA6E8B1EB01DA500F86626 = {
						CreatedOnToolsVersion = 8.2.1;
						ProvisioningStyle = Automatic;
					};
					1BCA6EA21EB01DA500F86626 = {
						CreatedOnToolsVersion = 8.2.1;
						ProvisioningStyle = Automatic;
						TestTargetID = 1BCA6E8B1EB01DA500F86626;
					};
					1BCA6EAD1EB01DA500F86626 = {
						CreatedOnToolsVersion = 8.2.1;
						ProvisioningStyle = Automatic;
						TestTargetID = 1BCA6E8B1EB01DA500F86626;
					};
				};
			};
			buildConfigurationList = 1BCA6E871EB01DA400F86626 /* Build configuration list for PBXProject "TicTacToe" */;
			compatibilityVersion = "Xcode 3.2";
			developmentRegion = English;
			hasScannedForEncodings = 0;
			knownRegions = (
				en,
				Base,
			);
			mainGroup = 1BCA6E831EB01DA400F86626;
			productRefGroup = 1BCA6E8D1EB01DA500F86626 /* Products */;
			projectDirPath = "";
			projectRoot = "";
			targets = (
				1BCA6E8B1EB01DA500F86626 /* TicTacToe */,
				1BCA6EA21EB01DA500F86626 /* TicTacToeTests */,
				1BCA6EAD1EB01DA500F86626 /* TicTacToeUITests */,
			);
		};
/* End PBXProject section */

/* Begin PBXResourcesBuildPhase section */
		1BCA6E8A1EB01DA500F86626 /* Resources */ = {
			isa = PBXResourcesBuildPhase;
			buildActionMask = 2147483647;
			files = (
				1BCA6E9D1EB01DA500F86626 /* LaunchScreen.storyboard in Resources */,
				1BCA6E9A1EB01DA500F86626 /* Assets.xcassets in Resources */,
				1BCA6E951EB01DA500F86626 /* Main.storyboard in Resources */,
			);
			runOnlyForDeploymentPostprocessing = 0;
		};
		1BCA6EA11EB01DA500F86626 /* Resources */ = {
			isa = PBXResourcesBuildPhase;
			buildActionMask = 2147483647;
			files = (
			);
			runOnlyForDeploymentPostprocessing = 0;
		};
		1BCA6EAC1EB01DA500F86626 /* Resources */ = {
			isa = PBXResourcesBuildPhase;
			buildActionMask = 2147483647;
			files = (
			);
			runOnlyForDeploymentPostprocessing = 0;
		};
/* End PBXResourcesBuildPhase section */

/* Begin PBXSourcesBuildPhase section */
		1BCA6E881EB01DA500F86626 /* Sources */ = {
			isa = PBXSourcesBuildPhase;
			buildActionMask = 2147483647;
			files = (
				1BCA6E981EB01DA500F86626 /* TicTacToe.xcdatamodeld in Sources */,
				1BCA6E921EB01DA500F86626 /* ViewController.swift in Sources */,
				1BCA6E901EB01DA500F86626 /* AppDelegate.swift in Sources */,
			);
			runOnlyForDeploymentPostprocessing = 0;
		};
		1BCA6E9F1EB01DA500F86626 /* Sources */ = {
			isa = PBXSourcesBuildPhase;
			buildActionMask = 2147483647;
			files = (
				1BCA6EA81EB01DA500F86626 /* TicTacToeTests.swift in Sources */,
			);
			runOnlyForDeploymentPostprocessing = 0;
		};
		1BCA6EAA1EB01DA500F86626 /* Sources */ = {
			isa = PBXSourcesBuildPhase;
			buildActionMask = 2147483647;
			files = (
				1BCA6EB31EB01DA500F86626 /* TicTacToeUITests.swift in Sources */,
			);
			runOnlyForDeploymentPostprocessing = 0;
		};
/* End PBXSourcesBuildPhase section */

/* Begin PBXTargetDependency section */
		1BCA6EA51EB01DA500F86626 /* PBXTargetDependency */ = {
			isa = PBXTargetDependency;
			target = 1BCA6E8B1EB01DA500F86626 /* TicTacToe */;
			targetProxy = 1BCA6EA41EB01DA500F86626 /* PBXContainerItemProxy */;
		};
		1BCA6EB01EB01DA500F86626 /* PBXTargetDependency */ = {
			isa = PBXTargetDependency;
			target = 1BCA6E8B1EB01DA500F86626 /* TicTacToe */;
			targetProxy = 1BCA6EAF1EB01DA500F86626 /* PBXContainerItemProxy */;
		};
/* End PBXTargetDependency section */

/* Begin PBXVariantGroup section */
		1BCA6E931EB01DA500F86626 /* Main.storyboard */ = {
			isa = PBXVariantGroup;
			children = (
				1BCA6E941EB01DA500F86626 /* Base */,
			);
			name = Main.storyboard;
			sourceTree = "<group>";
		};
		1BCA6E9B1EB01DA500F86626 /* LaunchScreen.storyboard */ = {
			isa = PBXVariantGroup;
			children = (
				1BCA6E9C1EB01DA500F86626 /* Base */,
			);
			name = LaunchScreen.storyboard;
			sourceTree = "<group>";
		};
/* End PBXVariantGroup section */

/* Begin XCBuildConfiguration section */
		1BCA6EB51EB01DA500F86626 /* Debug */ = {
			isa = XCBuildConfiguration;
			buildSettings = {
				ALWAYS_SEARCH_USER_PATHS = NO;
				CLANG_ANALYZER_NONNULL = YES;
				CLANG_CXX_LANGUAGE_STANDARD = "gnu++0x";
				CLANG_CXX_LIBRARY = "libc++";
				CLANG_ENABLE_MODULES = YES;
				CLANG_ENABLE_OBJC_ARC = YES;
				CLANG_WARN_BOOL_CONVERSION = YES;
				CLANG_WARN_CONSTANT_CONVERSION = YES;
				CLANG_WARN_DIRECT_OBJC_ISA_USAGE = YES_ERROR;
				CLANG_WARN_DOCUMENTATION_COMMENTS = YES;
				CLANG_WARN_EMPTY_BODY = YES;
				CLANG_WARN_ENUM_CONVERSION = YES;
				CLANG_WARN_INFINITE_RECURSION = YES;
				CLANG_WARN_INT_CONVERSION = YES;
				CLANG_WARN_OBJC_ROOT_CLASS = YES_ERROR;
				CLANG_WARN_SUSPICIOUS_MOVE = YES;
				CLANG_WARN_UNREACHABLE_CODE = YES;
				CLANG_WARN__DUPLICATE_METHOD_MATCH = YES;
				"CODE_SIGN_IDENTITY[sdk=iphoneos*]" = "iPhone Developer";
				COPY_PHASE_STRIP = NO;
				DEBUG_INFORMATION_FORMAT = dwarf;
				ENABLE_STRICT_OBJC_MSGSEND = YES;
				ENABLE_TESTABILITY = YES;
				GCC_C_LANGUAGE_STANDARD = gnu99;
				GCC_DYNAMIC_NO_PIC = NO;
				GCC_NO_COMMON_BLOCKS = YES;
				GCC_OPTIMIZATION_LEVEL = 0;
				GCC_PREPROCESSOR_DEFINITIONS = (
					"DEBUG=1",
					"$(inherited)",
				);
				GCC_WARN_64_TO_32_BIT_CONVERSION = YES;
				GCC_WARN_ABOUT_RETURN_TYPE = YES_ERROR;
				GCC_WARN_UNDECLARED_SELECTOR = YES;
				GCC_WARN_UNINITIALIZED_AUTOS = YES_AGGRESSIVE;
				GCC_WARN_UNUSED_FUNCTION = YES;
				GCC_WARN_UNUSED_VARIABLE = YES;
				IPHONEOS_DEPLOYMENT_TARGET = 10.2;
				MTL_ENABLE_DEBUG_INFO = YES;
				ONLY_ACTIVE_ARCH = YES;
				SDKROOT = iphoneos;
				SWIFT_ACTIVE_COMPILATION_CONDITIONS = DEBUG;
				SWIFT_OPTIMIZATION_LEVEL = "-Onone";
			};
			name = Debug;
		};
		1BCA6EB61EB01DA500F86626 /* Release */ = {
			isa = XCBuildConfiguration;
			buildSettings = {
				ALWAYS_SEARCH_USER_PATHS = NO;
				CLANG_ANALYZER_NONNULL = YES;
				CLANG_CXX_LANGUAGE_STANDARD = "gnu++0x";
				CLANG_CXX_LIBRARY = "libc++";
				CLANG_ENABLE_MODULES = YES;
				CLANG_ENABLE_OBJC_ARC = YES;
				CLANG_WARN_BOOL_CONVERSION = YES;
				CLANG_WARN_CONSTANT_CONVERSION = YES;
				CLANG_WARN_DIRECT_OBJC_ISA_USAGE = YES_ERROR;
				CLANG_WARN_DOCUMENTATION_COMMENTS = YES;
				CLANG_WARN_EMPTY_BODY = YES;
				CLANG_WARN_ENUM_CONVERSION = YES;
				CLANG_WARN_INFINITE_RECURSION = YES;
				CLANG_WARN_INT_CONVERSION = YES;
				CLANG_WARN_OBJC_ROOT_CLASS = YES_ERROR;
				CLANG_WARN_SUSPICIOUS_MOVE = YES;
				CLANG_WARN_UNREACHABLE_CODE = YES;
				CLANG_WARN__DUPLICATE_METHOD_MATCH = YES;
				"CODE_SIGN_IDENTITY[sdk=iphoneos*]" = "iPhone Developer";
				COPY_PHASE_STRIP = NO;
				DEBUG_INFORMATION_FORMAT = "dwarf-with-dsym";
				ENABLE_NS_ASSERTIONS = NO;
				ENABLE_STRICT_OBJC_MSGSEND = YES;
				GCC_C_LANGUAGE_STANDARD = gnu99;
				GCC_NO_COMMON_BLOCKS = YES;
				GCC_WARN_64_TO_32_BIT_CONVERSION = YES;
				GCC_WARN_ABOUT_RETURN_TYPE = YES_ERROR;
				GCC_WARN_UNDECLARED_SELECTOR = YES;
				GCC_WARN_UNINITIALIZED_AUTOS = YES_AGGRESSIVE;
				GCC_WARN_UNUSED_FUNCTION = YES;
				GCC_WARN_UNUSED_VARIABLE = YES;
				IPHONEOS_DEPLOYMENT_TARGET = 10.2;
				MTL_ENABLE_DEBUG_INFO = NO;
				SDKROOT = iphoneos;
				SWIFT_OPTIMIZATION_LEVEL = "-Owholemodule";
				VALIDATE_PRODUCT = YES;
			};
			name = Release;
		};
		1BCA6EB81EB01DA500F86626 /* Debug */ = {
			isa = XCBuildConfiguration;
			buildSettings = {
				ASSETCATALOG_COMPILER_APPICON_NAME = AppIcon;
				INFOPLIST_FILE = TicTacToe/Info.plist;
				LD_RUNPATH_SEARCH_PATHS = "$(inherited) @executable_path/Frameworks";
				PRODUCT_BUNDLE_IDENTIFIER = com.first.TicTacToe;
				PRODUCT_NAME = "$(TARGET_NAME)";
				SWIFT_VERSION = 3.0;
			};
			name = Debug;
		};
		1BCA6EB91EB01DA500F86626 /* Release */ = {
			isa = XCBuildConfiguration;
			buildSettings = {
				ASSETCATALOG_COMPILER_APPICON_NAME = AppIcon;
				INFOPLIST_FILE = TicTacToe/Info.plist;
				LD_RUNPATH_SEARCH_PATHS = "$(inherited) @executable_path/Frameworks";
				PRODUCT_BUNDLE_IDENTIFIER = com.first.TicTacToe;
				PRODUCT_NAME = "$(TARGET_NAME)";
				SWIFT_VERSION = 3.0;
			};
			name = Release;
		};
		1BCA6EBB1EB01DA500F86626 /* Debug */ = {
			isa = XCBuildConfiguration;
			buildSettings = {
				ALWAYS_EMBED_SWIFT_STANDARD_LIBRARIES = YES;
				BUNDLE_LOADER = "$(TEST_HOST)";
				INFOPLIST_FILE = TicTacToeTests/Info.plist;
				LD_RUNPATH_SEARCH_PATHS = "$(inherited) @executable_path/Frameworks @loader_path/Frameworks";
				PRODUCT_BUNDLE_IDENTIFIER = com.first.TicTacToeTests;
				PRODUCT_NAME = "$(TARGET_NAME)";
				SWIFT_VERSION = 3.0;
				TEST_HOST = "$(BUILT_PRODUCTS_DIR)/TicTacToe.app/TicTacToe";
			};
			name = Debug;
		};
		1BCA6EBC1EB01DA500F86626 /* Release */ = {
			isa = XCBuildConfiguration;
			buildSettings = {
				ALWAYS_EMBED_SWIFT_STANDARD_LIBRARIES = YES;
				BUNDLE_LOADER = "$(TEST_HOST)";
				INFOPLIST_FILE = TicTacToeTests/Info.plist;
				LD_RUNPATH_SEARCH_PATHS = "$(inherited) @executable_path/Frameworks @loader_path/Frameworks";
				PRODUCT_BUNDLE_IDENTIFIER = com.first.TicTacToeTests;
				PRODUCT_NAME = "$(TARGET_NAME)";
				SWIFT_VERSION = 3.0;
				TEST_HOST = "$(BUILT_PRODUCTS_DIR)/TicTacToe.app/TicTacToe";
			};
			name = Release;
		};
		1BCA6EBE1EB01DA500F86626 /* Debug */ = {
			isa = XCBuildConfiguration;
			buildSettings = {
				ALWAYS_EMBED_SWIFT_STANDARD_LIBRARIES = YES;
				INFOPLIST_FILE = TicTacToeUITests/Info.plist;
				LD_RUNPATH_SEARCH_PATHS = "$(inherited) @executable_path/Frameworks @loader_path/Frameworks";
				PRODUCT_BUNDLE_IDENTIFIER = com.first.TicTacToeUITests;
				PRODUCT_NAME = "$(TARGET_NAME)";
				SWIFT_VERSION = 3.0;
				TEST_TARGET_NAME = TicTacToe;
			};
			name = Debug;
		};
		1BCA6EBF1EB01DA500F86626 /* Release */ = {
			isa = XCBuildConfiguration;
			buildSettings = {
				ALWAYS_EMBED_SWIFT_STANDARD_LIBRARIES = YES;
				INFOPLIST_FILE = TicTacToeUITests/Info.plist;
				LD_RUNPATH_SEARCH_PATHS = "$(inherited) @executable_path/Frameworks @loader_path/Frameworks";
				PRODUCT_BUNDLE_IDENTIFIER = com.first.TicTacToeUITests;
				PRODUCT_NAME = "$(TARGET_NAME)";
				SWIFT_VERSION = 3.0;
				TEST_TARGET_NAME = TicTacToe;
			};
			name = Release;
		};
/* End XCBuildConfiguration section */

/* Begin XCConfigurationList section */
		1BCA6E871EB01DA400F86626 /* Build configuration list for PBXProject "TicTacToe" */ = {
			isa = XCConfigurationList;
			buildConfigurations = (
				1BCA6EB51EB01DA500F86626 /* Debug */,
				1BCA6EB61EB01DA500F86626 /* Release */,
			);
			defaultConfigurationIsVisible = 0;
			defaultConfigurationName = Release;
		};
		1BCA6EB71EB01DA500F86626 /* Build configuration list for PBXNativeTarget "TicTacToe" */ = {
			isa = XCConfigurationList;
			buildConfigurations = (
				1BCA6EB81EB01DA500F86626 /* Debug */,
				1BCA6EB91EB01DA500F86626 /* Release */,
			);
			defaultConfigurationIsVisible = 0;
		};
		1BCA6EBA1EB01DA500F86626 /* Build configuration list for PBXNativeTarget "TicTacToeTests" */ = {
			isa = XCConfigurationList;
			buildConfigurations = (
				1BCA6EBB1EB01DA500F86626 /* Debug */,
				1BCA6EBC1EB01DA500F86626 /* Release */,
			);
			defaultConfigurationIsVisible = 0;
		};
		1BCA6EBD1EB01DA500F86626 /* Build configuration list for PBXNativeTarget "TicTacToeUITests" */ = {
			isa = XCConfigurationList;
			buildConfigurations = (
				1BCA6EBE1EB01DA500F86626 /* Debug */,
				1BCA6EBF1EB01DA500F86626 /* Release */,
			);
			defaultConfigurationIsVisible = 0;
		};
/* End XCConfigurationList section */

/* Begin XCVersionGroup section */
		1BCA6E961EB01DA500F86626 /* TicTacToe.xcdatamodeld */ = {
			isa = XCVersionGroup;
			children = (
				1BCA6E971EB01DA500F86626 /* TicTacToe.xcdatamodel */,
			);
			currentVersion = 1BCA6E971EB01DA500F86626 /* TicTacToe.xcdatamodel */;
			path = TicTacToe.xcdatamodeld;
			sourceTree = "<group>";
			versionGroupType = wrapper.xcdatamodel;
		};
/* End XCVersionGroup section */
	};
	rootObject = 1BCA6E841EB01DA400F86626 /* Project object */;
}
